<Solution>

  <Folder Name="/src/">
    <Project Path="src/AgentPrism.Abstractions/AgentPrism.Abstractions.csproj" />
    <Project Path="src/AgentPrism.Core/AgentPrism.Core.csproj" />
    <Project Path="src/AgentPrism.Generators/AgentPrism.Generators.csproj" />
    <Project Path="src/AgentPrism.PostgreSql/AgentPrism.PostgreSql.csproj" />
    <Project Path="src/AgentPrism.SqlServer/AgentPrism.SqlServer.csproj" />
    <Project Path="src/AgentPrism.Sqlite/AgentPrism.Sqlite.csproj" />
    <Project Path="src/AgentPrism.OpenAI/AgentPrism.OpenAI.csproj" />
    <Project Path="src/AgentPrism.Anthropic/AgentPrism.Anthropic.csproj" />
    <Project Path="src/AgentPrism.Google/AgentPrism.Google.csproj" />
    <Project Path="src/AgentPrism.Azure/AgentPrism.Azure.csproj" />
    <Project Path="src/AgentPrism.Voice/AgentPrism.Voice.csproj" />
    <Project Path="src/AgentPrism.Mcp/AgentPrism.Mcp.csproj" />
    <Project Path="src/AgentPrism.Workflows/AgentPrism.Workflows.csproj" />
    <Project Path="src/AgentPrism.AspNetCore/AgentPrism.AspNetCore.csproj" />
    <Project Path="src/AgentPrism.UI/AgentPrism.UI.csproj" />
    <Project Path="src/AgentPrism/AgentPrism.csproj" />
    <Project Path="src/AgentPrism.Templates/AgentPrism.Templates.csproj" />
    <Project Path="src/AgentPrism.Testing/AgentPrism.Testing.csproj" />
    <Project Path="src/AgentPrism.Client/AgentPrism.Client.csproj" />
    <Project Path="src/AgentPrism.Cli/AgentPrism.Cli.csproj" />
  </Folder>

  <Folder Name="/samples/">
    <Project Path="samples/AgentPrism.Api/AgentPrism.Api.csproj" />
    <Project Path="samples/AgentPrism.Embedded/AgentPrism.Embedded.csproj" />
  </Folder>

  <Folder Name="/tests/">
    <Project Path="tests/AgentPrism.AspNetCore.FunctionalTests/AgentPrism.AspNetCore.FunctionalTests.csproj" />
    <Project Path="tests/AgentPrism.Embedded.Tests/AgentPrism.Embedded.Tests.csproj" />
    <Project Path="tests/AgentPrism.Core.UnitTests/AgentPrism.Core.UnitTests.csproj" />
    <Project Path="tests/AgentPrism.Generators.UnitTests/AgentPrism.Generators.UnitTests.csproj" />
    <Project Path="tests/AgentPrism.Mcp.UnitTests/AgentPrism.Mcp.UnitTests.csproj" />
    <Project Path="tests/AgentPrism.OpenAI.UnitTests/AgentPrism.OpenAI.UnitTests.csproj" />
    <Project Path="tests/AgentPrism.Anthropic.UnitTests/AgentPrism.Anthropic.UnitTests.csproj" />
    <Project Path="tests/AgentPrism.Google.UnitTests/AgentPrism.Google.UnitTests.csproj" />
    <Project Path="tests/AgentPrism.Azure.UnitTests/AgentPrism.Azure.UnitTests.csproj" />
    <Project Path="tests/AgentPrism.Voice.UnitTests/AgentPrism.Voice.UnitTests.csproj" />
    <Project Path="tests/AgentPrism.PostgreSql.IntegrationTests/AgentPrism.PostgreSql.IntegrationTests.csproj" />
    <Project Path="tests/AgentPrism.SqlServer.IntegrationTests/AgentPrism.SqlServer.IntegrationTests.csproj" />
    <Project Path="tests/AgentPrism.Sqlite.IntegrationTests/AgentPrism.Sqlite.IntegrationTests.csproj" />
    <Project Path="tests/AgentPrism.Workflows.UnitTests/AgentPrism.Workflows.UnitTests.csproj" />
    <Project Path="tests/AgentPrism.Ui.E2ETests/AgentPrism.Ui.E2ETests.csproj" />
    <Project Path="tests/AgentPrism.Templates.Tests/AgentPrism.Templates.Tests.csproj" />
    <Project Path="tests/AgentPrism.Testing.UnitTests/AgentPrism.Testing.UnitTests.csproj" />
    <Project Path="tests/AgentPrism.Client.UnitTests/AgentPrism.Client.UnitTests.csproj" />
    <Project Path="tests/AgentPrism.Cli.FunctionalTests/AgentPrism.Cli.FunctionalTests.csproj" />
  </Folder>

  <Folder Name="/solution-items/">
    <File Path="Directory.Build.props" />
    <File Path="Directory.Build.targets" />
    <File Path="Directory.Packages.props" />
    <File Path="NuGet.config" />
    <File Path="global.json" />
    <File Path=".editorconfig" />
    <File Path=".gitignore" />
    <File Path="README.md" />
    <File Path="AGENTS.md" />
    <File Path="MEMORY.md" />
  </Folder>

  <Folder Name="/docs/">
    <File Path="docs/MIMARI.md" />
    <File Path="docs/MAF-GENISLEME-NOKTALARI.md" />
    <File Path="docs/KARARLAR-INDEKS.md" />
    <File Path="docs/KARARLAR-INDEKS-ARSIV.md" />
    <File Path="docs/KARARLAR-INDEKS-REDDEDILEN.md" />
    <File Path="docs/KARARLAR.md" />
    <File Path="docs/IKINCI-FAZ-YOL-HARITASI.md" />
    <File Path="docs/UCUNCU-FAZ-YOL-HARITASI.md" />
    <File Path="docs/UCUNCU-FAZ-ADAYLARI.md" />
    <File Path="docs/BEYIN-FIRTINASI.md" />
    <File Path="docs/DEGERLENDIRME-RAPORU-2026-08.md" />
  </Folder>

</Solution>
